{
  "name": "npmcitest-module1",
  "version": "1.0.0",
  "lockfileVersion": 1,
  "requires": true,
  "dependencies": {
    "npmcitest-common": {
      "version": "file:../common",
      "requires": {
        "npmcitest-utils": "file:../utils"
      },
      "dependencies": {
        "npmcitest-utils": {
          "version": "file:../utils",
          "bundled": true
        }
      }
    },
    "npmcitest-utils": {
      "version": "file:../utils"
    }
  }
}
